
Microsoft Visual Studio Solution File, Format Version 12.00
# Visual Studio Version 17
VisualStudioVersion = 17.3.32929.385
MinimumVisualStudioVersion = 10.0.40219.1
Project("{FAE04EC0-301F-11D3-BF4B-00C04F79EFBC}") = "Generator Fajlova", "Generator Fajlova\Generator Fajlova.csproj", "{4E12A63F-50CD-49A9-99DC-A5C7E8F98DDA}"
EndProject
Global
	GlobalSection(SolutionConfigurationPlatforms) = preSolution
		Debug|Any CPU = Debug|Any CPU
		Release|Any CPU = Release|Any CPU
	EndGlobalSection
	GlobalSection(ProjectConfigurationPlatforms) = postSolution
		{4E12A63F-50CD-49A9-99DC-A5C7E8F98DDA}.Debug|Any CPU.ActiveCfg = Debug|Any CPU
		{4E12A63F-50CD-49A9-99DC-A5C7E8F98DDA}.Debug|Any CPU.Build.0 = Debug|Any CPU
		{4E12A63F-50CD-49A9-99DC-A5C7E8F98DDA}.Release|Any CPU.ActiveCfg = Release|Any CPU
		{4E12A63F-50CD-49A9-99DC-A5C7E8F98DDA}.Release|Any CPU.Build.0 = Release|Any CPU
	EndGlobalSection
	GlobalSection(SolutionProperties) = preSolution
		HideSolutionNode = FALSE
	EndGlobalSection
	GlobalSection(ExtensibilityGlobals) = postSolution
		SolutionGuid = {1E4973B2-2DE2-499D-9613-628F1C433399}
	EndGlobalSection
EndGlobal
