
Microsoft Visual Studio Solution File, Format Version 12.00
# Visual Studio Version 17
VisualStudioVersion = 17.1.32210.238
MinimumVisualStudioVersion = 10.0.40219.1
Project("{FAE04EC0-301F-11D3-BF4B-00C04F79EFBC}") = "Evaluacija WinForm", "Evaluacija WinForm\Evaluacija WinForm.csproj", "{19888049-D3E1-432B-B1C4-155DB8F836BE}"
EndProject
Global
	GlobalSection(SolutionConfigurationPlatforms) = preSolution
		Debug|Any CPU = Debug|Any CPU
		Release|Any CPU = Release|Any CPU
	EndGlobalSection
	GlobalSection(ProjectConfigurationPlatforms) = postSolution
		{19888049-D3E1-432B-B1C4-155DB8F836BE}.Debug|Any CPU.ActiveCfg = Debug|Any CPU
		{19888049-D3E1-432B-B1C4-155DB8F836BE}.Debug|Any CPU.Build.0 = Debug|Any CPU
		{19888049-D3E1-432B-B1C4-155DB8F836BE}.Release|Any CPU.ActiveCfg = Release|Any CPU
		{19888049-D3E1-432B-B1C4-155DB8F836BE}.Release|Any CPU.Build.0 = Release|Any CPU
	EndGlobalSection
	GlobalSection(SolutionProperties) = preSolution
		HideSolutionNode = FALSE
	EndGlobalSection
	GlobalSection(ExtensibilityGlobals) = postSolution
		SolutionGuid = {DBD07461-1C52-4858-B54D-1B29C6A3A82D}
	EndGlobalSection
EndGlobal
